
Microsoft Visual Studio Solution File, Format Version 12.00
# Visual Studio 2012
Project("{FAE04EC0-301F-11D3-BF4B-00C04F79EFBC}") = "Mongo.Guid-vs-ObjectId", "Mongo.Guid-vs-ObjectId\Mongo.Guid-vs-ObjectId.csproj", "{22F279C1-B8F0-44EB-BA8A-DEEC4FE72358}"
EndProject
Global
	GlobalSection(SolutionConfigurationPlatforms) = preSolution
		Debug|Any CPU = Debug|Any CPU
		Release|Any CPU = Release|Any CPU
	EndGlobalSection
	GlobalSection(ProjectConfigurationPlatforms) = postSolution
		{22F279C1-B8F0-44EB-BA8A-DEEC4FE72358}.Debug|Any CPU.ActiveCfg = Debug|Any CPU
		{22F279C1-B8F0-44EB-BA8A-DEEC4FE72358}.Debug|Any CPU.Build.0 = Debug|Any CPU
		{22F279C1-B8F0-44EB-BA8A-DEEC4FE72358}.Release|Any CPU.ActiveCfg = Release|Any CPU
		{22F279C1-B8F0-44EB-BA8A-DEEC4FE72358}.Release|Any CPU.Build.0 = Release|Any CPU
	EndGlobalSection
	GlobalSection(SolutionProperties) = preSolution
		HideSolutionNode = FALSE
	EndGlobalSection
EndGlobal
